
Microsoft Visual Studio Solution File, Format Version 12.00
# Visual Studio Version 17
VisualStudioVersion = 17.2.32526.322
MinimumVisualStudioVersion = 10.0.40219.1
Project("{9A19103F-16F7-4668-BE54-9A1E7A4F7556}") = "OpenTelemetry.Exporter.CloudWatchEmf.Demo", "src\OpenTelemetry.Exporter.CloudWatchEmf.Demo\OpenTelemetry.Exporter.CloudWatchEmf.Demo.csproj", "{B2EAB8CF-27F3-4C49-81A7-CC7C4BA29DEF}"
EndProject
Project("{FAE04EC0-301F-11D3-BF4B-00C04F79EFBC}") = "Benchmarks", "benchmarks\Benchmarks\Benchmarks.csproj", "{91F31CEB-CFA1-4CC0-B313-D1D7E23B9E82}"
EndProject
Project("{FAE04EC0-301F-11D3-BF4B-00C04F79EFBC}") = "OpenTelemetry.Exporter.CloudWatchEmf", "src\OpenTelemetry.Exporter.CloudWatchEmf\OpenTelemetry.Exporter.CloudWatchEmf.csproj", "{D0A1C417-FC7C-4407-B282-3C86B60E6E31}"
EndProject
Global
	GlobalSection(SolutionConfigurationPlatforms) = preSolution
		Debug|Any CPU = Debug|Any CPU
		Release|Any CPU = Release|Any CPU
	EndGlobalSection
	GlobalSection(ProjectConfigurationPlatforms) = postSolution
		{B2EAB8CF-27F3-4C49-81A7-CC7C4BA29DEF}.Debug|Any CPU.ActiveCfg = Debug|Any CPU
		{B2EAB8CF-27F3-4C49-81A7-CC7C4BA29DEF}.Debug|Any CPU.Build.0 = Debug|Any CPU
		{B2EAB8CF-27F3-4C49-81A7-CC7C4BA29DEF}.Release|Any CPU.ActiveCfg = Release|Any CPU
		{B2EAB8CF-27F3-4C49-81A7-CC7C4BA29DEF}.Release|Any CPU.Build.0 = Release|Any CPU
		{91F31CEB-CFA1-4CC0-B313-D1D7E23B9E82}.Debug|Any CPU.ActiveCfg = Debug|Any CPU
		{91F31CEB-CFA1-4CC0-B313-D1D7E23B9E82}.Debug|Any CPU.Build.0 = Debug|Any CPU
		{91F31CEB-CFA1-4CC0-B313-D1D7E23B9E82}.Release|Any CPU.ActiveCfg = Release|Any CPU
		{91F31CEB-CFA1-4CC0-B313-D1D7E23B9E82}.Release|Any CPU.Build.0 = Release|Any CPU
		{D0A1C417-FC7C-4407-B282-3C86B60E6E31}.Debug|Any CPU.ActiveCfg = Debug|Any CPU
		{D0A1C417-FC7C-4407-B282-3C86B60E6E31}.Debug|Any CPU.Build.0 = Debug|Any CPU
		{D0A1C417-FC7C-4407-B282-3C86B60E6E31}.Release|Any CPU.ActiveCfg = Release|Any CPU
		{D0A1C417-FC7C-4407-B282-3C86B60E6E31}.Release|Any CPU.Build.0 = Release|Any CPU
	EndGlobalSection
	GlobalSection(SolutionProperties) = preSolution
		HideSolutionNode = FALSE
	EndGlobalSection
	GlobalSection(ExtensibilityGlobals) = postSolution
		SolutionGuid = {0D7AABA9-6DE2-427B-A602-48E312021A56}
	EndGlobalSection
EndGlobal
